
Microsoft Visual Studio Solution File, Format Version 12.00
# Visual Studio Version 17
VisualStudioVersion = 17.7.34024.191
MinimumVisualStudioVersion = 10.0.40219.1
Project("{FAE04EC0-301F-11D3-BF4B-00C04F79EFBC}") = "kluev_backend", "kluev_backend\kluev_backend.csproj", "{23E93959-C2D2-49F3-B1FE-FF2A8FD74982}"
EndProject
Global
	GlobalSection(SolutionConfigurationPlatforms) = preSolution
		Debug|Any CPU = Debug|Any CPU
		Release|Any CPU = Release|Any CPU
	EndGlobalSection
	GlobalSection(ProjectConfigurationPlatforms) = postSolution
		{23E93959-C2D2-49F3-B1FE-FF2A8FD74982}.Debug|Any CPU.ActiveCfg = Debug|Any CPU
		{23E93959-C2D2-49F3-B1FE-FF2A8FD74982}.Debug|Any CPU.Build.0 = Debug|Any CPU
		{23E93959-C2D2-49F3-B1FE-FF2A8FD74982}.Release|Any CPU.ActiveCfg = Release|Any CPU
		{23E93959-C2D2-49F3-B1FE-FF2A8FD74982}.Release|Any CPU.Build.0 = Release|Any CPU
	EndGlobalSection
	GlobalSection(SolutionProperties) = preSolution
		HideSolutionNode = FALSE
	EndGlobalSection
	GlobalSection(ExtensibilityGlobals) = postSolution
		SolutionGuid = {CC3A56B7-7DD9-43D4-B8C0-94C75828D485}
	EndGlobalSection
EndGlobal
